
Microsoft Visual Studio Solution File, Format Version 12.00
# Visual Studio Version 16
VisualStudioVersion = 16.0.30114.105
MinimumVisualStudioVersion = 10.0.40219.1
Project("{FAE04EC0-301F-11D3-BF4B-00C04F79EFBC}") = "ClockDemo", "Behavioral\Observer\ClockDemo\ClockDemo.csproj", "{357C52A5-064E-46A7-B49A-07D8C0A58EEB}"
EndProject
Project("{FAE04EC0-301F-11D3-BF4B-00C04F79EFBC}") = "ProviderDemo", "Behavioral\Observer\ProviderDemo\ProviderDemo.csproj", "{87A889D6-9D44-4418-BF6D-CAFACE9591A0}"
EndProject
Project("{FAE04EC0-301F-11D3-BF4B-00C04F79EFBC}") = "TradingDemo", "Behavioral\Observer\TradingDemo\TradingDemo.csproj", "{413B2819-5123-44B8-9F0F-ED369559CB55}"
EndProject
Project("{2150E333-8FDC-42A3-9474-1A3956D46DE8}") = "Behavioral", "Behavioral", "{24CDCEDF-442A-4055-9B6C-FD30A2193F11}"
EndProject
Project("{2150E333-8FDC-42A3-9474-1A3956D46DE8}") = "Structural", "Structural", "{629E1B57-2C16-4D65-B095-A9F2E8EB0E90}"
EndProject
Project("{2150E333-8FDC-42A3-9474-1A3956D46DE8}") = "Creational", "Creational", "{82191643-1590-48CE-B114-99F3F934CFFE}"
EndProject
Project("{2150E333-8FDC-42A3-9474-1A3956D46DE8}") = "Observer", "Observer", "{085E6D08-0426-4788-9B5C-1DC3BB898CC0}"
EndProject
Global
	GlobalSection(SolutionConfigurationPlatforms) = preSolution
		Debug|Any CPU = Debug|Any CPU
		Release|Any CPU = Release|Any CPU
	EndGlobalSection
	GlobalSection(SolutionProperties) = preSolution
		HideSolutionNode = FALSE
	EndGlobalSection
	GlobalSection(ProjectConfigurationPlatforms) = postSolution
		{357C52A5-064E-46A7-B49A-07D8C0A58EEB}.Debug|Any CPU.ActiveCfg = Debug|Any CPU
		{357C52A5-064E-46A7-B49A-07D8C0A58EEB}.Debug|Any CPU.Build.0 = Debug|Any CPU
		{357C52A5-064E-46A7-B49A-07D8C0A58EEB}.Release|Any CPU.ActiveCfg = Release|Any CPU
		{357C52A5-064E-46A7-B49A-07D8C0A58EEB}.Release|Any CPU.Build.0 = Release|Any CPU
		{87A889D6-9D44-4418-BF6D-CAFACE9591A0}.Debug|Any CPU.ActiveCfg = Debug|Any CPU
		{87A889D6-9D44-4418-BF6D-CAFACE9591A0}.Debug|Any CPU.Build.0 = Debug|Any CPU
		{87A889D6-9D44-4418-BF6D-CAFACE9591A0}.Release|Any CPU.ActiveCfg = Release|Any CPU
		{87A889D6-9D44-4418-BF6D-CAFACE9591A0}.Release|Any CPU.Build.0 = Release|Any CPU
		{413B2819-5123-44B8-9F0F-ED369559CB55}.Debug|Any CPU.ActiveCfg = Debug|Any CPU
		{413B2819-5123-44B8-9F0F-ED369559CB55}.Debug|Any CPU.Build.0 = Debug|Any CPU
		{413B2819-5123-44B8-9F0F-ED369559CB55}.Release|Any CPU.ActiveCfg = Release|Any CPU
		{413B2819-5123-44B8-9F0F-ED369559CB55}.Release|Any CPU.Build.0 = Release|Any CPU
	EndGlobalSection
	GlobalSection(NestedProjects) = preSolution
		{085E6D08-0426-4788-9B5C-1DC3BB898CC0} = {24CDCEDF-442A-4055-9B6C-FD30A2193F11}
		{357C52A5-064E-46A7-B49A-07D8C0A58EEB} = {085E6D08-0426-4788-9B5C-1DC3BB898CC0}
		{87A889D6-9D44-4418-BF6D-CAFACE9591A0} = {085E6D08-0426-4788-9B5C-1DC3BB898CC0}
		{413B2819-5123-44B8-9F0F-ED369559CB55} = {085E6D08-0426-4788-9B5C-1DC3BB898CC0}
	EndGlobalSection
EndGlobal
