
Microsoft Visual Studio Solution File, Format Version 12.00
# Visual Studio Version 17
VisualStudioVersion = 17.2.32630.192
MinimumVisualStudioVersion = 10.0.40219.1
Project("{FAE04EC0-301F-11D3-BF4B-00C04F79EFBC}") = "Qaf", "Qaf\Qaf.csproj", "{88EBAF4B-AA2B-456E-B4CF-24403CBE973B}"
EndProject
Global
	GlobalSection(SolutionConfigurationPlatforms) = preSolution
		Debug|Any CPU = Debug|Any CPU
		Release|Any CPU = Release|Any CPU
	EndGlobalSection
	GlobalSection(ProjectConfigurationPlatforms) = postSolution
		{88EBAF4B-AA2B-456E-B4CF-24403CBE973B}.Debug|Any CPU.ActiveCfg = Debug|Any CPU
		{88EBAF4B-AA2B-456E-B4CF-24403CBE973B}.Debug|Any CPU.Build.0 = Debug|Any CPU
		{88EBAF4B-AA2B-456E-B4CF-24403CBE973B}.Release|Any CPU.ActiveCfg = Release|Any CPU
		{88EBAF4B-AA2B-456E-B4CF-24403CBE973B}.Release|Any CPU.Build.0 = Release|Any CPU
	EndGlobalSection
	GlobalSection(SolutionProperties) = preSolution
		HideSolutionNode = FALSE
	EndGlobalSection
	GlobalSection(ExtensibilityGlobals) = postSolution
		SolutionGuid = {3BF7B50D-6DCD-447C-A1A7-B73DF4727358}
	EndGlobalSection
EndGlobal
